
Microsoft Visual Studio Solution File, Format Version 12.00
# Visual Studio Version 17
VisualStudioVersion = 17.7.34221.43
MinimumVisualStudioVersion = 10.0.40219.1
Project("{FAE04EC0-301F-11D3-BF4B-00C04F79EFBC}") = "ITSC.Graduation", "ITSC.Graduation\ITSC.Graduation.csproj", "{889829E7-D334-4466-81F3-4D0985B34381}"
EndProject
Global
	GlobalSection(SolutionConfigurationPlatforms) = preSolution
		Debug|Any CPU = Debug|Any CPU
		Release|Any CPU = Release|Any CPU
	EndGlobalSection
	GlobalSection(ProjectConfigurationPlatforms) = postSolution
		{889829E7-D334-4466-81F3-4D0985B34381}.Debug|Any CPU.ActiveCfg = Debug|Any CPU
		{889829E7-D334-4466-81F3-4D0985B34381}.Debug|Any CPU.Build.0 = Debug|Any CPU
		{889829E7-D334-4466-81F3-4D0985B34381}.Release|Any CPU.ActiveCfg = Release|Any CPU
		{889829E7-D334-4466-81F3-4D0985B34381}.Release|Any CPU.Build.0 = Release|Any CPU
	EndGlobalSection
	GlobalSection(SolutionProperties) = preSolution
		HideSolutionNode = FALSE
	EndGlobalSection
	GlobalSection(ExtensibilityGlobals) = postSolution
		SolutionGuid = {CAAE13A4-AF1D-4CE6-85B8-997C4C138A71}
	EndGlobalSection
EndGlobal
